
Microsoft Visual Studio Solution File, Format Version 12.00
# Visual Studio Version 17
VisualStudioVersion = 17.8.34309.116
MinimumVisualStudioVersion = 10.0.40219.1
Project("{FAE04EC0-301F-11D3-BF4B-00C04F79EFBC}") = "ConsoleApp6", "ConsoleApp6\ConsoleApp6.csproj", "{FC139080-7383-427A-9824-604F1346B8A4}"
EndProject
Global
	GlobalSection(SolutionConfigurationPlatforms) = preSolution
		Debug|Any CPU = Debug|Any CPU
		Release|Any CPU = Release|Any CPU
	EndGlobalSection
	GlobalSection(ProjectConfigurationPlatforms) = postSolution
		{FC139080-7383-427A-9824-604F1346B8A4}.Debug|Any CPU.ActiveCfg = Debug|Any CPU
		{FC139080-7383-427A-9824-604F1346B8A4}.Debug|Any CPU.Build.0 = Debug|Any CPU
		{FC139080-7383-427A-9824-604F1346B8A4}.Release|Any CPU.ActiveCfg = Release|Any CPU
		{FC139080-7383-427A-9824-604F1346B8A4}.Release|Any CPU.Build.0 = Release|Any CPU
	EndGlobalSection
	GlobalSection(SolutionProperties) = preSolution
		HideSolutionNode = FALSE
	EndGlobalSection
	GlobalSection(ExtensibilityGlobals) = postSolution
		SolutionGuid = {79BC376E-81AD-4A94-9CA9-F1DDAA5D4BA5}
	EndGlobalSection
EndGlobal
